
Microsoft Visual Studio Solution File, Format Version 12.00
# Visual Studio Version 17
VisualStudioVersion = 17.8.34408.163
MinimumVisualStudioVersion = 10.0.40219.1
Project("{8BC9CEB8-8B4A-11D0-8D11-00A0C91BC942}") = "VendingMachine", "VendingMachine.vcxproj", "{F8F96E9F-0AF4-44E6-A2F5-CCC4393437D0}"
EndProject
Global
	GlobalSection(SolutionConfigurationPlatforms) = preSolution
		Debug|x64 = Debug|x64
		Debug|x86 = Debug|x86
		Release|x64 = Release|x64
		Release|x86 = Release|x86
	EndGlobalSection
	GlobalSection(ProjectConfigurationPlatforms) = postSolution
		{F8F96E9F-0AF4-44E6-A2F5-CCC4393437D0}.Debug|x64.ActiveCfg = Debug|x64
		{F8F96E9F-0AF4-44E6-A2F5-CCC4393437D0}.Debug|x64.Build.0 = Debug|x64
		{F8F96E9F-0AF4-44E6-A2F5-CCC4393437D0}.Debug|x86.ActiveCfg = Debug|Win32
		{F8F96E9F-0AF4-44E6-A2F5-CCC4393437D0}.Debug|x86.Build.0 = Debug|Win32
		{F8F96E9F-0AF4-44E6-A2F5-CCC4393437D0}.Release|x64.ActiveCfg = Release|x64
		{F8F96E9F-0AF4-44E6-A2F5-CCC4393437D0}.Release|x64.Build.0 = Release|x64
		{F8F96E9F-0AF4-44E6-A2F5-CCC4393437D0}.Release|x86.ActiveCfg = Release|Win32
		{F8F96E9F-0AF4-44E6-A2F5-CCC4393437D0}.Release|x86.Build.0 = Release|Win32
	EndGlobalSection
	GlobalSection(SolutionProperties) = preSolution
		HideSolutionNode = FALSE
	EndGlobalSection
	GlobalSection(ExtensibilityGlobals) = postSolution
		SolutionGuid = {25A0CCE6-C2AD-461C-8E07-D57FBD612849}
	EndGlobalSection
EndGlobal
